
Microsoft Visual Studio Solution File, Format Version 12.00
# Visual Studio 2012
Project("{FAE04EC0-301F-11D3-BF4B-00C04F79EFBC}") = "ExercicioTeclado.Android", "ExercicioTeclado.Android\ExercicioTeclado.Android.csproj", "{44C57136-D73F-48AF-A34E-23DA595D35FC}"
EndProject
Project("{FAE04EC0-301F-11D3-BF4B-00C04F79EFBC}") = "ExercicioTeclado.iOS", "ExercicioTeclado.iOS\ExercicioTeclado.iOS.csproj", "{4A7BB0E1-1320-4688-B045-02C5767C9603}"
EndProject
Project("{FAE04EC0-301F-11D3-BF4B-00C04F79EFBC}") = "ExercicioTeclado", "ExercicioTeclado\ExercicioTeclado.csproj", "{CE780C42-759A-4849-9103-D49BAEF1667F}"
EndProject
Global
	GlobalSection(SolutionConfigurationPlatforms) = preSolution
		Debug|Any CPU = Debug|Any CPU
		Release|Any CPU = Release|Any CPU
		Debug|iPhoneSimulator = Debug|iPhoneSimulator
		Release|iPhoneSimulator = Release|iPhoneSimulator
		Debug|iPhone = Debug|iPhone
		Release|iPhone = Release|iPhone
		Ad-Hoc|iPhone = Ad-Hoc|iPhone
		AppStore|iPhone = AppStore|iPhone
	EndGlobalSection
	GlobalSection(ProjectConfigurationPlatforms) = postSolution
		{44C57136-D73F-48AF-A34E-23DA595D35FC}.Debug|Any CPU.ActiveCfg = Debug|Any CPU
		{44C57136-D73F-48AF-A34E-23DA595D35FC}.Debug|Any CPU.Build.0 = Debug|Any CPU
		{44C57136-D73F-48AF-A34E-23DA595D35FC}.Release|Any CPU.ActiveCfg = Release|Any CPU
		{44C57136-D73F-48AF-A34E-23DA595D35FC}.Release|Any CPU.Build.0 = Release|Any CPU
		{44C57136-D73F-48AF-A34E-23DA595D35FC}.Debug|iPhoneSimulator.ActiveCfg = Debug|Any CPU
		{44C57136-D73F-48AF-A34E-23DA595D35FC}.Debug|iPhoneSimulator.Build.0 = Debug|Any CPU
		{44C57136-D73F-48AF-A34E-23DA595D35FC}.Release|iPhoneSimulator.ActiveCfg = Release|Any CPU
		{44C57136-D73F-48AF-A34E-23DA595D35FC}.Release|iPhoneSimulator.Build.0 = Release|Any CPU
		{44C57136-D73F-48AF-A34E-23DA595D35FC}.Debug|iPhone.ActiveCfg = Debug|Any CPU
		{44C57136-D73F-48AF-A34E-23DA595D35FC}.Debug|iPhone.Build.0 = Debug|Any CPU
		{44C57136-D73F-48AF-A34E-23DA595D35FC}.Release|iPhone.ActiveCfg = Release|Any CPU
		{44C57136-D73F-48AF-A34E-23DA595D35FC}.Release|iPhone.Build.0 = Release|Any CPU
		{44C57136-D73F-48AF-A34E-23DA595D35FC}.Ad-Hoc|iPhone.ActiveCfg = Debug|Any CPU
		{44C57136-D73F-48AF-A34E-23DA595D35FC}.Ad-Hoc|iPhone.Build.0 = Debug|Any CPU
		{44C57136-D73F-48AF-A34E-23DA595D35FC}.AppStore|iPhone.ActiveCfg = Debug|Any CPU
		{44C57136-D73F-48AF-A34E-23DA595D35FC}.AppStore|iPhone.Build.0 = Debug|Any CPU
		{4A7BB0E1-1320-4688-B045-02C5767C9603}.Debug|Any CPU.ActiveCfg = Debug|iPhoneSimulator
		{4A7BB0E1-1320-4688-B045-02C5767C9603}.Debug|Any CPU.Build.0 = Debug|iPhoneSimulator
		{4A7BB0E1-1320-4688-B045-02C5767C9603}.Release|Any CPU.ActiveCfg = Release|iPhoneSimulator
		{4A7BB0E1-1320-4688-B045-02C5767C9603}.Release|Any CPU.Build.0 = Release|iPhoneSimulator
		{4A7BB0E1-1320-4688-B045-02C5767C9603}.Debug|iPhoneSimulator.ActiveCfg = Debug|iPhoneSimulator
		{4A7BB0E1-1320-4688-B045-02C5767C9603}.Debug|iPhoneSimulator.Build.0 = Debug|iPhoneSimulator
		{4A7BB0E1-1320-4688-B045-02C5767C9603}.Release|iPhoneSimulator.ActiveCfg = Release|iPhoneSimulator
		{4A7BB0E1-1320-4688-B045-02C5767C9603}.Release|iPhoneSimulator.Build.0 = Release|iPhoneSimulator
		{4A7BB0E1-1320-4688-B045-02C5767C9603}.Debug|iPhone.ActiveCfg = Debug|iPhone
		{4A7BB0E1-1320-4688-B045-02C5767C9603}.Debug|iPhone.Build.0 = Debug|iPhone
		{4A7BB0E1-1320-4688-B045-02C5767C9603}.Release|iPhone.ActiveCfg = Release|iPhone
		{4A7BB0E1-1320-4688-B045-02C5767C9603}.Release|iPhone.Build.0 = Release|iPhone
		{4A7BB0E1-1320-4688-B045-02C5767C9603}.Ad-Hoc|iPhone.ActiveCfg = Ad-Hoc|iPhone
		{4A7BB0E1-1320-4688-B045-02C5767C9603}.Ad-Hoc|iPhone.Build.0 = Ad-Hoc|iPhone
		{4A7BB0E1-1320-4688-B045-02C5767C9603}.AppStore|iPhone.ActiveCfg = AppStore|iPhone
		{4A7BB0E1-1320-4688-B045-02C5767C9603}.AppStore|iPhone.Build.0 = AppStore|iPhone
		{CE780C42-759A-4849-9103-D49BAEF1667F}.Debug|Any CPU.ActiveCfg = Debug|Any CPU
		{CE780C42-759A-4849-9103-D49BAEF1667F}.Debug|Any CPU.Build.0 = Debug|Any CPU
		{CE780C42-759A-4849-9103-D49BAEF1667F}.Release|Any CPU.ActiveCfg = Release|Any CPU
		{CE780C42-759A-4849-9103-D49BAEF1667F}.Release|Any CPU.Build.0 = Release|Any CPU
		{CE780C42-759A-4849-9103-D49BAEF1667F}.Debug|iPhoneSimulator.ActiveCfg = Debug|Any CPU
		{CE780C42-759A-4849-9103-D49BAEF1667F}.Debug|iPhoneSimulator.Build.0 = Debug|Any CPU
		{CE780C42-759A-4849-9103-D49BAEF1667F}.Release|iPhoneSimulator.ActiveCfg = Release|Any CPU
		{CE780C42-759A-4849-9103-D49BAEF1667F}.Release|iPhoneSimulator.Build.0 = Release|Any CPU
		{CE780C42-759A-4849-9103-D49BAEF1667F}.Debug|iPhone.ActiveCfg = Debug|Any CPU
		{CE780C42-759A-4849-9103-D49BAEF1667F}.Debug|iPhone.Build.0 = Debug|Any CPU
		{CE780C42-759A-4849-9103-D49BAEF1667F}.Release|iPhone.ActiveCfg = Release|Any CPU
		{CE780C42-759A-4849-9103-D49BAEF1667F}.Release|iPhone.Build.0 = Release|Any CPU
		{CE780C42-759A-4849-9103-D49BAEF1667F}.Ad-Hoc|iPhone.ActiveCfg = Debug|Any CPU
		{CE780C42-759A-4849-9103-D49BAEF1667F}.Ad-Hoc|iPhone.Build.0 = Debug|Any CPU
		{CE780C42-759A-4849-9103-D49BAEF1667F}.AppStore|iPhone.ActiveCfg = Debug|Any CPU
		{CE780C42-759A-4849-9103-D49BAEF1667F}.AppStore|iPhone.Build.0 = Debug|Any CPU
	EndGlobalSection
EndGlobal
