
Microsoft Visual Studio Solution File, Format Version 12.00
# Visual Studio 2012
Project("{FAE04EC0-301F-11D3-BF4B-00C04F79EFBC}") = "ExercicioTimer.Android", "ExercicioTimer.Android\ExercicioTimer.Android.csproj", "{BD96BD9A-EBA6-4219-992F-F15DBA2C7FC0}"
EndProject
Project("{FAE04EC0-301F-11D3-BF4B-00C04F79EFBC}") = "ExercicioTimer.iOS", "ExercicioTimer.iOS\ExercicioTimer.iOS.csproj", "{33B7CFC5-967F-4F0D-9D63-DEA0FABEFA12}"
EndProject
Project("{FAE04EC0-301F-11D3-BF4B-00C04F79EFBC}") = "ExercicioTimer", "ExercicioTimer\ExercicioTimer.csproj", "{FD9EEB93-64C0-4CAB-9657-8B6C87E1AAD7}"
EndProject
Global
	GlobalSection(SolutionConfigurationPlatforms) = preSolution
		Debug|Any CPU = Debug|Any CPU
		Release|Any CPU = Release|Any CPU
		Debug|iPhoneSimulator = Debug|iPhoneSimulator
		Release|iPhoneSimulator = Release|iPhoneSimulator
		Debug|iPhone = Debug|iPhone
		Release|iPhone = Release|iPhone
		Ad-Hoc|iPhone = Ad-Hoc|iPhone
		AppStore|iPhone = AppStore|iPhone
	EndGlobalSection
	GlobalSection(ProjectConfigurationPlatforms) = postSolution
		{BD96BD9A-EBA6-4219-992F-F15DBA2C7FC0}.Debug|Any CPU.ActiveCfg = Debug|Any CPU
		{BD96BD9A-EBA6-4219-992F-F15DBA2C7FC0}.Debug|Any CPU.Build.0 = Debug|Any CPU
		{BD96BD9A-EBA6-4219-992F-F15DBA2C7FC0}.Release|Any CPU.ActiveCfg = Release|Any CPU
		{BD96BD9A-EBA6-4219-992F-F15DBA2C7FC0}.Release|Any CPU.Build.0 = Release|Any CPU
		{BD96BD9A-EBA6-4219-992F-F15DBA2C7FC0}.Debug|iPhoneSimulator.ActiveCfg = Debug|Any CPU
		{BD96BD9A-EBA6-4219-992F-F15DBA2C7FC0}.Debug|iPhoneSimulator.Build.0 = Debug|Any CPU
		{BD96BD9A-EBA6-4219-992F-F15DBA2C7FC0}.Release|iPhoneSimulator.ActiveCfg = Release|Any CPU
		{BD96BD9A-EBA6-4219-992F-F15DBA2C7FC0}.Release|iPhoneSimulator.Build.0 = Release|Any CPU
		{BD96BD9A-EBA6-4219-992F-F15DBA2C7FC0}.Debug|iPhone.ActiveCfg = Debug|Any CPU
		{BD96BD9A-EBA6-4219-992F-F15DBA2C7FC0}.Debug|iPhone.Build.0 = Debug|Any CPU
		{BD96BD9A-EBA6-4219-992F-F15DBA2C7FC0}.Release|iPhone.ActiveCfg = Release|Any CPU
		{BD96BD9A-EBA6-4219-992F-F15DBA2C7FC0}.Release|iPhone.Build.0 = Release|Any CPU
		{BD96BD9A-EBA6-4219-992F-F15DBA2C7FC0}.Ad-Hoc|iPhone.ActiveCfg = Debug|Any CPU
		{BD96BD9A-EBA6-4219-992F-F15DBA2C7FC0}.Ad-Hoc|iPhone.Build.0 = Debug|Any CPU
		{BD96BD9A-EBA6-4219-992F-F15DBA2C7FC0}.AppStore|iPhone.ActiveCfg = Debug|Any CPU
		{BD96BD9A-EBA6-4219-992F-F15DBA2C7FC0}.AppStore|iPhone.Build.0 = Debug|Any CPU
		{33B7CFC5-967F-4F0D-9D63-DEA0FABEFA12}.Debug|Any CPU.ActiveCfg = Debug|iPhoneSimulator
		{33B7CFC5-967F-4F0D-9D63-DEA0FABEFA12}.Debug|Any CPU.Build.0 = Debug|iPhoneSimulator
		{33B7CFC5-967F-4F0D-9D63-DEA0FABEFA12}.Release|Any CPU.ActiveCfg = Release|iPhoneSimulator
		{33B7CFC5-967F-4F0D-9D63-DEA0FABEFA12}.Release|Any CPU.Build.0 = Release|iPhoneSimulator
		{33B7CFC5-967F-4F0D-9D63-DEA0FABEFA12}.Debug|iPhoneSimulator.ActiveCfg = Debug|iPhoneSimulator
		{33B7CFC5-967F-4F0D-9D63-DEA0FABEFA12}.Debug|iPhoneSimulator.Build.0 = Debug|iPhoneSimulator
		{33B7CFC5-967F-4F0D-9D63-DEA0FABEFA12}.Release|iPhoneSimulator.ActiveCfg = Release|iPhoneSimulator
		{33B7CFC5-967F-4F0D-9D63-DEA0FABEFA12}.Release|iPhoneSimulator.Build.0 = Release|iPhoneSimulator
		{33B7CFC5-967F-4F0D-9D63-DEA0FABEFA12}.Debug|iPhone.ActiveCfg = Debug|iPhone
		{33B7CFC5-967F-4F0D-9D63-DEA0FABEFA12}.Debug|iPhone.Build.0 = Debug|iPhone
		{33B7CFC5-967F-4F0D-9D63-DEA0FABEFA12}.Release|iPhone.ActiveCfg = Release|iPhone
		{33B7CFC5-967F-4F0D-9D63-DEA0FABEFA12}.Release|iPhone.Build.0 = Release|iPhone
		{33B7CFC5-967F-4F0D-9D63-DEA0FABEFA12}.Ad-Hoc|iPhone.ActiveCfg = Ad-Hoc|iPhone
		{33B7CFC5-967F-4F0D-9D63-DEA0FABEFA12}.Ad-Hoc|iPhone.Build.0 = Ad-Hoc|iPhone
		{33B7CFC5-967F-4F0D-9D63-DEA0FABEFA12}.AppStore|iPhone.ActiveCfg = AppStore|iPhone
		{33B7CFC5-967F-4F0D-9D63-DEA0FABEFA12}.AppStore|iPhone.Build.0 = AppStore|iPhone
		{FD9EEB93-64C0-4CAB-9657-8B6C87E1AAD7}.Debug|Any CPU.ActiveCfg = Debug|Any CPU
		{FD9EEB93-64C0-4CAB-9657-8B6C87E1AAD7}.Debug|Any CPU.Build.0 = Debug|Any CPU
		{FD9EEB93-64C0-4CAB-9657-8B6C87E1AAD7}.Release|Any CPU.ActiveCfg = Release|Any CPU
		{FD9EEB93-64C0-4CAB-9657-8B6C87E1AAD7}.Release|Any CPU.Build.0 = Release|Any CPU
		{FD9EEB93-64C0-4CAB-9657-8B6C87E1AAD7}.Debug|iPhoneSimulator.ActiveCfg = Debug|Any CPU
		{FD9EEB93-64C0-4CAB-9657-8B6C87E1AAD7}.Debug|iPhoneSimulator.Build.0 = Debug|Any CPU
		{FD9EEB93-64C0-4CAB-9657-8B6C87E1AAD7}.Release|iPhoneSimulator.ActiveCfg = Release|Any CPU
		{FD9EEB93-64C0-4CAB-9657-8B6C87E1AAD7}.Release|iPhoneSimulator.Build.0 = Release|Any CPU
		{FD9EEB93-64C0-4CAB-9657-8B6C87E1AAD7}.Debug|iPhone.ActiveCfg = Debug|Any CPU
		{FD9EEB93-64C0-4CAB-9657-8B6C87E1AAD7}.Debug|iPhone.Build.0 = Debug|Any CPU
		{FD9EEB93-64C0-4CAB-9657-8B6C87E1AAD7}.Release|iPhone.ActiveCfg = Release|Any CPU
		{FD9EEB93-64C0-4CAB-9657-8B6C87E1AAD7}.Release|iPhone.Build.0 = Release|Any CPU
		{FD9EEB93-64C0-4CAB-9657-8B6C87E1AAD7}.Ad-Hoc|iPhone.ActiveCfg = Debug|Any CPU
		{FD9EEB93-64C0-4CAB-9657-8B6C87E1AAD7}.Ad-Hoc|iPhone.Build.0 = Debug|Any CPU
		{FD9EEB93-64C0-4CAB-9657-8B6C87E1AAD7}.AppStore|iPhone.ActiveCfg = Debug|Any CPU
		{FD9EEB93-64C0-4CAB-9657-8B6C87E1AAD7}.AppStore|iPhone.Build.0 = Debug|Any CPU
	EndGlobalSection
EndGlobal
