
Microsoft Visual Studio Solution File, Format Version 12.00
# Visual Studio 2012
Project("{FAE04EC0-301F-11D3-BF4B-00C04F79EFBC}") = "ExercicioSom.Android", "ExercicioSom.Android\ExercicioSom.Android.csproj", "{7770683E-7D06-4099-B362-C8015AB0EEFC}"
EndProject
Project("{FAE04EC0-301F-11D3-BF4B-00C04F79EFBC}") = "ExercicioSom.iOS", "ExercicioSom.iOS\ExercicioSom.iOS.csproj", "{53972906-8FA3-473D-AA4D-2FF7CD429269}"
EndProject
Project("{FAE04EC0-301F-11D3-BF4B-00C04F79EFBC}") = "ExercicioSom", "ExercicioSom\ExercicioSom.csproj", "{562CBD3D-FA95-4269-836C-13D99A0C5763}"
EndProject
Global
	GlobalSection(SolutionConfigurationPlatforms) = preSolution
		Debug|Any CPU = Debug|Any CPU
		Release|Any CPU = Release|Any CPU
		Debug|iPhoneSimulator = Debug|iPhoneSimulator
		Release|iPhoneSimulator = Release|iPhoneSimulator
		Debug|iPhone = Debug|iPhone
		Release|iPhone = Release|iPhone
		Ad-Hoc|iPhone = Ad-Hoc|iPhone
		AppStore|iPhone = AppStore|iPhone
	EndGlobalSection
	GlobalSection(ProjectConfigurationPlatforms) = postSolution
		{7770683E-7D06-4099-B362-C8015AB0EEFC}.Debug|Any CPU.ActiveCfg = Debug|Any CPU
		{7770683E-7D06-4099-B362-C8015AB0EEFC}.Debug|Any CPU.Build.0 = Debug|Any CPU
		{7770683E-7D06-4099-B362-C8015AB0EEFC}.Release|Any CPU.ActiveCfg = Release|Any CPU
		{7770683E-7D06-4099-B362-C8015AB0EEFC}.Release|Any CPU.Build.0 = Release|Any CPU
		{7770683E-7D06-4099-B362-C8015AB0EEFC}.Debug|iPhoneSimulator.ActiveCfg = Debug|Any CPU
		{7770683E-7D06-4099-B362-C8015AB0EEFC}.Debug|iPhoneSimulator.Build.0 = Debug|Any CPU
		{7770683E-7D06-4099-B362-C8015AB0EEFC}.Release|iPhoneSimulator.ActiveCfg = Release|Any CPU
		{7770683E-7D06-4099-B362-C8015AB0EEFC}.Release|iPhoneSimulator.Build.0 = Release|Any CPU
		{7770683E-7D06-4099-B362-C8015AB0EEFC}.Debug|iPhone.ActiveCfg = Debug|Any CPU
		{7770683E-7D06-4099-B362-C8015AB0EEFC}.Debug|iPhone.Build.0 = Debug|Any CPU
		{7770683E-7D06-4099-B362-C8015AB0EEFC}.Release|iPhone.ActiveCfg = Release|Any CPU
		{7770683E-7D06-4099-B362-C8015AB0EEFC}.Release|iPhone.Build.0 = Release|Any CPU
		{7770683E-7D06-4099-B362-C8015AB0EEFC}.Ad-Hoc|iPhone.ActiveCfg = Debug|Any CPU
		{7770683E-7D06-4099-B362-C8015AB0EEFC}.Ad-Hoc|iPhone.Build.0 = Debug|Any CPU
		{7770683E-7D06-4099-B362-C8015AB0EEFC}.AppStore|iPhone.ActiveCfg = Debug|Any CPU
		{7770683E-7D06-4099-B362-C8015AB0EEFC}.AppStore|iPhone.Build.0 = Debug|Any CPU
		{53972906-8FA3-473D-AA4D-2FF7CD429269}.Debug|Any CPU.ActiveCfg = Debug|iPhoneSimulator
		{53972906-8FA3-473D-AA4D-2FF7CD429269}.Debug|Any CPU.Build.0 = Debug|iPhoneSimulator
		{53972906-8FA3-473D-AA4D-2FF7CD429269}.Release|Any CPU.ActiveCfg = Release|iPhoneSimulator
		{53972906-8FA3-473D-AA4D-2FF7CD429269}.Release|Any CPU.Build.0 = Release|iPhoneSimulator
		{53972906-8FA3-473D-AA4D-2FF7CD429269}.Debug|iPhoneSimulator.ActiveCfg = Debug|iPhoneSimulator
		{53972906-8FA3-473D-AA4D-2FF7CD429269}.Debug|iPhoneSimulator.Build.0 = Debug|iPhoneSimulator
		{53972906-8FA3-473D-AA4D-2FF7CD429269}.Release|iPhoneSimulator.ActiveCfg = Release|iPhoneSimulator
		{53972906-8FA3-473D-AA4D-2FF7CD429269}.Release|iPhoneSimulator.Build.0 = Release|iPhoneSimulator
		{53972906-8FA3-473D-AA4D-2FF7CD429269}.Debug|iPhone.ActiveCfg = Debug|iPhone
		{53972906-8FA3-473D-AA4D-2FF7CD429269}.Debug|iPhone.Build.0 = Debug|iPhone
		{53972906-8FA3-473D-AA4D-2FF7CD429269}.Release|iPhone.ActiveCfg = Release|iPhone
		{53972906-8FA3-473D-AA4D-2FF7CD429269}.Release|iPhone.Build.0 = Release|iPhone
		{53972906-8FA3-473D-AA4D-2FF7CD429269}.Ad-Hoc|iPhone.ActiveCfg = Ad-Hoc|iPhone
		{53972906-8FA3-473D-AA4D-2FF7CD429269}.Ad-Hoc|iPhone.Build.0 = Ad-Hoc|iPhone
		{53972906-8FA3-473D-AA4D-2FF7CD429269}.AppStore|iPhone.ActiveCfg = AppStore|iPhone
		{53972906-8FA3-473D-AA4D-2FF7CD429269}.AppStore|iPhone.Build.0 = AppStore|iPhone
		{562CBD3D-FA95-4269-836C-13D99A0C5763}.Debug|Any CPU.ActiveCfg = Debug|Any CPU
		{562CBD3D-FA95-4269-836C-13D99A0C5763}.Debug|Any CPU.Build.0 = Debug|Any CPU
		{562CBD3D-FA95-4269-836C-13D99A0C5763}.Release|Any CPU.ActiveCfg = Release|Any CPU
		{562CBD3D-FA95-4269-836C-13D99A0C5763}.Release|Any CPU.Build.0 = Release|Any CPU
		{562CBD3D-FA95-4269-836C-13D99A0C5763}.Debug|iPhoneSimulator.ActiveCfg = Debug|Any CPU
		{562CBD3D-FA95-4269-836C-13D99A0C5763}.Debug|iPhoneSimulator.Build.0 = Debug|Any CPU
		{562CBD3D-FA95-4269-836C-13D99A0C5763}.Release|iPhoneSimulator.ActiveCfg = Release|Any CPU
		{562CBD3D-FA95-4269-836C-13D99A0C5763}.Release|iPhoneSimulator.Build.0 = Release|Any CPU
		{562CBD3D-FA95-4269-836C-13D99A0C5763}.Debug|iPhone.ActiveCfg = Debug|Any CPU
		{562CBD3D-FA95-4269-836C-13D99A0C5763}.Debug|iPhone.Build.0 = Debug|Any CPU
		{562CBD3D-FA95-4269-836C-13D99A0C5763}.Release|iPhone.ActiveCfg = Release|Any CPU
		{562CBD3D-FA95-4269-836C-13D99A0C5763}.Release|iPhone.Build.0 = Release|Any CPU
		{562CBD3D-FA95-4269-836C-13D99A0C5763}.Ad-Hoc|iPhone.ActiveCfg = Debug|Any CPU
		{562CBD3D-FA95-4269-836C-13D99A0C5763}.Ad-Hoc|iPhone.Build.0 = Debug|Any CPU
		{562CBD3D-FA95-4269-836C-13D99A0C5763}.AppStore|iPhone.ActiveCfg = Debug|Any CPU
		{562CBD3D-FA95-4269-836C-13D99A0C5763}.AppStore|iPhone.Build.0 = Debug|Any CPU
	EndGlobalSection
EndGlobal
