
Microsoft Visual Studio Solution File, Format Version 12.00
# Visual Studio 2012
Project("{FAE04EC0-301F-11D3-BF4B-00C04F79EFBC}") = "ExemploMarkupExtension.Android", "ExemploMarkupExtension.Android\ExemploMarkupExtension.Android.csproj", "{9CE83D2C-AC5B-4726-9409-93DDA8F421DB}"
EndProject
Project("{FAE04EC0-301F-11D3-BF4B-00C04F79EFBC}") = "ExemploMarkupExtension.iOS", "ExemploMarkupExtension.iOS\ExemploMarkupExtension.iOS.csproj", "{6DA8B1CB-C5DA-4800-823C-CA082348C88B}"
EndProject
Project("{FAE04EC0-301F-11D3-BF4B-00C04F79EFBC}") = "ExemploMarkupExtension", "ExemploMarkupExtension\ExemploMarkupExtension.csproj", "{A971139E-D82B-4E09-82E5-31ACD7B0F469}"
EndProject
Global
	GlobalSection(SolutionConfigurationPlatforms) = preSolution
		Debug|Any CPU = Debug|Any CPU
		Release|Any CPU = Release|Any CPU
		Debug|iPhoneSimulator = Debug|iPhoneSimulator
		Release|iPhoneSimulator = Release|iPhoneSimulator
		Debug|iPhone = Debug|iPhone
		Release|iPhone = Release|iPhone
		Ad-Hoc|iPhone = Ad-Hoc|iPhone
		AppStore|iPhone = AppStore|iPhone
	EndGlobalSection
	GlobalSection(ProjectConfigurationPlatforms) = postSolution
		{9CE83D2C-AC5B-4726-9409-93DDA8F421DB}.Debug|Any CPU.ActiveCfg = Debug|Any CPU
		{9CE83D2C-AC5B-4726-9409-93DDA8F421DB}.Debug|Any CPU.Build.0 = Debug|Any CPU
		{9CE83D2C-AC5B-4726-9409-93DDA8F421DB}.Release|Any CPU.ActiveCfg = Release|Any CPU
		{9CE83D2C-AC5B-4726-9409-93DDA8F421DB}.Release|Any CPU.Build.0 = Release|Any CPU
		{9CE83D2C-AC5B-4726-9409-93DDA8F421DB}.Debug|iPhoneSimulator.ActiveCfg = Debug|Any CPU
		{9CE83D2C-AC5B-4726-9409-93DDA8F421DB}.Debug|iPhoneSimulator.Build.0 = Debug|Any CPU
		{9CE83D2C-AC5B-4726-9409-93DDA8F421DB}.Release|iPhoneSimulator.ActiveCfg = Release|Any CPU
		{9CE83D2C-AC5B-4726-9409-93DDA8F421DB}.Release|iPhoneSimulator.Build.0 = Release|Any CPU
		{9CE83D2C-AC5B-4726-9409-93DDA8F421DB}.Debug|iPhone.ActiveCfg = Debug|Any CPU
		{9CE83D2C-AC5B-4726-9409-93DDA8F421DB}.Debug|iPhone.Build.0 = Debug|Any CPU
		{9CE83D2C-AC5B-4726-9409-93DDA8F421DB}.Release|iPhone.ActiveCfg = Release|Any CPU
		{9CE83D2C-AC5B-4726-9409-93DDA8F421DB}.Release|iPhone.Build.0 = Release|Any CPU
		{9CE83D2C-AC5B-4726-9409-93DDA8F421DB}.Ad-Hoc|iPhone.ActiveCfg = Debug|Any CPU
		{9CE83D2C-AC5B-4726-9409-93DDA8F421DB}.Ad-Hoc|iPhone.Build.0 = Debug|Any CPU
		{9CE83D2C-AC5B-4726-9409-93DDA8F421DB}.AppStore|iPhone.ActiveCfg = Debug|Any CPU
		{9CE83D2C-AC5B-4726-9409-93DDA8F421DB}.AppStore|iPhone.Build.0 = Debug|Any CPU
		{6DA8B1CB-C5DA-4800-823C-CA082348C88B}.Debug|Any CPU.ActiveCfg = Debug|iPhoneSimulator
		{6DA8B1CB-C5DA-4800-823C-CA082348C88B}.Debug|Any CPU.Build.0 = Debug|iPhoneSimulator
		{6DA8B1CB-C5DA-4800-823C-CA082348C88B}.Release|Any CPU.ActiveCfg = Release|iPhoneSimulator
		{6DA8B1CB-C5DA-4800-823C-CA082348C88B}.Release|Any CPU.Build.0 = Release|iPhoneSimulator
		{6DA8B1CB-C5DA-4800-823C-CA082348C88B}.Debug|iPhoneSimulator.ActiveCfg = Debug|iPhoneSimulator
		{6DA8B1CB-C5DA-4800-823C-CA082348C88B}.Debug|iPhoneSimulator.Build.0 = Debug|iPhoneSimulator
		{6DA8B1CB-C5DA-4800-823C-CA082348C88B}.Release|iPhoneSimulator.ActiveCfg = Release|iPhoneSimulator
		{6DA8B1CB-C5DA-4800-823C-CA082348C88B}.Release|iPhoneSimulator.Build.0 = Release|iPhoneSimulator
		{6DA8B1CB-C5DA-4800-823C-CA082348C88B}.Debug|iPhone.ActiveCfg = Debug|iPhone
		{6DA8B1CB-C5DA-4800-823C-CA082348C88B}.Debug|iPhone.Build.0 = Debug|iPhone
		{6DA8B1CB-C5DA-4800-823C-CA082348C88B}.Release|iPhone.ActiveCfg = Release|iPhone
		{6DA8B1CB-C5DA-4800-823C-CA082348C88B}.Release|iPhone.Build.0 = Release|iPhone
		{6DA8B1CB-C5DA-4800-823C-CA082348C88B}.Ad-Hoc|iPhone.ActiveCfg = Ad-Hoc|iPhone
		{6DA8B1CB-C5DA-4800-823C-CA082348C88B}.Ad-Hoc|iPhone.Build.0 = Ad-Hoc|iPhone
		{6DA8B1CB-C5DA-4800-823C-CA082348C88B}.AppStore|iPhone.ActiveCfg = AppStore|iPhone
		{6DA8B1CB-C5DA-4800-823C-CA082348C88B}.AppStore|iPhone.Build.0 = AppStore|iPhone
		{A971139E-D82B-4E09-82E5-31ACD7B0F469}.Debug|Any CPU.ActiveCfg = Debug|Any CPU
		{A971139E-D82B-4E09-82E5-31ACD7B0F469}.Debug|Any CPU.Build.0 = Debug|Any CPU
		{A971139E-D82B-4E09-82E5-31ACD7B0F469}.Release|Any CPU.ActiveCfg = Release|Any CPU
		{A971139E-D82B-4E09-82E5-31ACD7B0F469}.Release|Any CPU.Build.0 = Release|Any CPU
		{A971139E-D82B-4E09-82E5-31ACD7B0F469}.Debug|iPhoneSimulator.ActiveCfg = Debug|Any CPU
		{A971139E-D82B-4E09-82E5-31ACD7B0F469}.Debug|iPhoneSimulator.Build.0 = Debug|Any CPU
		{A971139E-D82B-4E09-82E5-31ACD7B0F469}.Release|iPhoneSimulator.ActiveCfg = Release|Any CPU
		{A971139E-D82B-4E09-82E5-31ACD7B0F469}.Release|iPhoneSimulator.Build.0 = Release|Any CPU
		{A971139E-D82B-4E09-82E5-31ACD7B0F469}.Debug|iPhone.ActiveCfg = Debug|Any CPU
		{A971139E-D82B-4E09-82E5-31ACD7B0F469}.Debug|iPhone.Build.0 = Debug|Any CPU
		{A971139E-D82B-4E09-82E5-31ACD7B0F469}.Release|iPhone.ActiveCfg = Release|Any CPU
		{A971139E-D82B-4E09-82E5-31ACD7B0F469}.Release|iPhone.Build.0 = Release|Any CPU
		{A971139E-D82B-4E09-82E5-31ACD7B0F469}.Ad-Hoc|iPhone.ActiveCfg = Debug|Any CPU
		{A971139E-D82B-4E09-82E5-31ACD7B0F469}.Ad-Hoc|iPhone.Build.0 = Debug|Any CPU
		{A971139E-D82B-4E09-82E5-31ACD7B0F469}.AppStore|iPhone.ActiveCfg = Debug|Any CPU
		{A971139E-D82B-4E09-82E5-31ACD7B0F469}.AppStore|iPhone.Build.0 = Debug|Any CPU
	EndGlobalSection
EndGlobal
