
Microsoft Visual Studio Solution File, Format Version 12.00
# Visual Studio 2012
Project("{FAE04EC0-301F-11D3-BF4B-00C04F79EFBC}") = "ExemploBinding.Android", "ExemploBinding.Android\ExemploBinding.Android.csproj", "{DF21292B-173C-41D2-A1AC-1C867D4E6C22}"
EndProject
Project("{FAE04EC0-301F-11D3-BF4B-00C04F79EFBC}") = "ExemploBinding.iOS", "ExemploBinding.iOS\ExemploBinding.iOS.csproj", "{1E0FA2AD-55A9-4DC0-BFAA-A8AA00F03467}"
EndProject
Project("{FAE04EC0-301F-11D3-BF4B-00C04F79EFBC}") = "ExemploBinding", "ExemploBinding\ExemploBinding.csproj", "{409F6480-CC41-4A6C-B380-799FC4FAEAAD}"
EndProject
Global
	GlobalSection(SolutionConfigurationPlatforms) = preSolution
		Debug|Any CPU = Debug|Any CPU
		Release|Any CPU = Release|Any CPU
		Debug|iPhoneSimulator = Debug|iPhoneSimulator
		Release|iPhoneSimulator = Release|iPhoneSimulator
		Debug|iPhone = Debug|iPhone
		Release|iPhone = Release|iPhone
		Ad-Hoc|iPhone = Ad-Hoc|iPhone
		AppStore|iPhone = AppStore|iPhone
	EndGlobalSection
	GlobalSection(ProjectConfigurationPlatforms) = postSolution
		{DF21292B-173C-41D2-A1AC-1C867D4E6C22}.Debug|Any CPU.ActiveCfg = Debug|Any CPU
		{DF21292B-173C-41D2-A1AC-1C867D4E6C22}.Debug|Any CPU.Build.0 = Debug|Any CPU
		{DF21292B-173C-41D2-A1AC-1C867D4E6C22}.Release|Any CPU.ActiveCfg = Release|Any CPU
		{DF21292B-173C-41D2-A1AC-1C867D4E6C22}.Release|Any CPU.Build.0 = Release|Any CPU
		{DF21292B-173C-41D2-A1AC-1C867D4E6C22}.Debug|iPhoneSimulator.ActiveCfg = Debug|Any CPU
		{DF21292B-173C-41D2-A1AC-1C867D4E6C22}.Debug|iPhoneSimulator.Build.0 = Debug|Any CPU
		{DF21292B-173C-41D2-A1AC-1C867D4E6C22}.Release|iPhoneSimulator.ActiveCfg = Release|Any CPU
		{DF21292B-173C-41D2-A1AC-1C867D4E6C22}.Release|iPhoneSimulator.Build.0 = Release|Any CPU
		{DF21292B-173C-41D2-A1AC-1C867D4E6C22}.Debug|iPhone.ActiveCfg = Debug|Any CPU
		{DF21292B-173C-41D2-A1AC-1C867D4E6C22}.Debug|iPhone.Build.0 = Debug|Any CPU
		{DF21292B-173C-41D2-A1AC-1C867D4E6C22}.Release|iPhone.ActiveCfg = Release|Any CPU
		{DF21292B-173C-41D2-A1AC-1C867D4E6C22}.Release|iPhone.Build.0 = Release|Any CPU
		{DF21292B-173C-41D2-A1AC-1C867D4E6C22}.Ad-Hoc|iPhone.ActiveCfg = Debug|Any CPU
		{DF21292B-173C-41D2-A1AC-1C867D4E6C22}.Ad-Hoc|iPhone.Build.0 = Debug|Any CPU
		{DF21292B-173C-41D2-A1AC-1C867D4E6C22}.AppStore|iPhone.ActiveCfg = Debug|Any CPU
		{DF21292B-173C-41D2-A1AC-1C867D4E6C22}.AppStore|iPhone.Build.0 = Debug|Any CPU
		{1E0FA2AD-55A9-4DC0-BFAA-A8AA00F03467}.Debug|Any CPU.ActiveCfg = Debug|iPhoneSimulator
		{1E0FA2AD-55A9-4DC0-BFAA-A8AA00F03467}.Debug|Any CPU.Build.0 = Debug|iPhoneSimulator
		{1E0FA2AD-55A9-4DC0-BFAA-A8AA00F03467}.Release|Any CPU.ActiveCfg = Release|iPhoneSimulator
		{1E0FA2AD-55A9-4DC0-BFAA-A8AA00F03467}.Release|Any CPU.Build.0 = Release|iPhoneSimulator
		{1E0FA2AD-55A9-4DC0-BFAA-A8AA00F03467}.Debug|iPhoneSimulator.ActiveCfg = Debug|iPhoneSimulator
		{1E0FA2AD-55A9-4DC0-BFAA-A8AA00F03467}.Debug|iPhoneSimulator.Build.0 = Debug|iPhoneSimulator
		{1E0FA2AD-55A9-4DC0-BFAA-A8AA00F03467}.Release|iPhoneSimulator.ActiveCfg = Release|iPhoneSimulator
		{1E0FA2AD-55A9-4DC0-BFAA-A8AA00F03467}.Release|iPhoneSimulator.Build.0 = Release|iPhoneSimulator
		{1E0FA2AD-55A9-4DC0-BFAA-A8AA00F03467}.Debug|iPhone.ActiveCfg = Debug|iPhone
		{1E0FA2AD-55A9-4DC0-BFAA-A8AA00F03467}.Debug|iPhone.Build.0 = Debug|iPhone
		{1E0FA2AD-55A9-4DC0-BFAA-A8AA00F03467}.Release|iPhone.ActiveCfg = Release|iPhone
		{1E0FA2AD-55A9-4DC0-BFAA-A8AA00F03467}.Release|iPhone.Build.0 = Release|iPhone
		{1E0FA2AD-55A9-4DC0-BFAA-A8AA00F03467}.Ad-Hoc|iPhone.ActiveCfg = Ad-Hoc|iPhone
		{1E0FA2AD-55A9-4DC0-BFAA-A8AA00F03467}.Ad-Hoc|iPhone.Build.0 = Ad-Hoc|iPhone
		{1E0FA2AD-55A9-4DC0-BFAA-A8AA00F03467}.AppStore|iPhone.ActiveCfg = AppStore|iPhone
		{1E0FA2AD-55A9-4DC0-BFAA-A8AA00F03467}.AppStore|iPhone.Build.0 = AppStore|iPhone
		{409F6480-CC41-4A6C-B380-799FC4FAEAAD}.Debug|Any CPU.ActiveCfg = Debug|Any CPU
		{409F6480-CC41-4A6C-B380-799FC4FAEAAD}.Debug|Any CPU.Build.0 = Debug|Any CPU
		{409F6480-CC41-4A6C-B380-799FC4FAEAAD}.Release|Any CPU.ActiveCfg = Release|Any CPU
		{409F6480-CC41-4A6C-B380-799FC4FAEAAD}.Release|Any CPU.Build.0 = Release|Any CPU
		{409F6480-CC41-4A6C-B380-799FC4FAEAAD}.Debug|iPhoneSimulator.ActiveCfg = Debug|Any CPU
		{409F6480-CC41-4A6C-B380-799FC4FAEAAD}.Debug|iPhoneSimulator.Build.0 = Debug|Any CPU
		{409F6480-CC41-4A6C-B380-799FC4FAEAAD}.Release|iPhoneSimulator.ActiveCfg = Release|Any CPU
		{409F6480-CC41-4A6C-B380-799FC4FAEAAD}.Release|iPhoneSimulator.Build.0 = Release|Any CPU
		{409F6480-CC41-4A6C-B380-799FC4FAEAAD}.Debug|iPhone.ActiveCfg = Debug|Any CPU
		{409F6480-CC41-4A6C-B380-799FC4FAEAAD}.Debug|iPhone.Build.0 = Debug|Any CPU
		{409F6480-CC41-4A6C-B380-799FC4FAEAAD}.Release|iPhone.ActiveCfg = Release|Any CPU
		{409F6480-CC41-4A6C-B380-799FC4FAEAAD}.Release|iPhone.Build.0 = Release|Any CPU
		{409F6480-CC41-4A6C-B380-799FC4FAEAAD}.Ad-Hoc|iPhone.ActiveCfg = Debug|Any CPU
		{409F6480-CC41-4A6C-B380-799FC4FAEAAD}.Ad-Hoc|iPhone.Build.0 = Debug|Any CPU
		{409F6480-CC41-4A6C-B380-799FC4FAEAAD}.AppStore|iPhone.ActiveCfg = Debug|Any CPU
		{409F6480-CC41-4A6C-B380-799FC4FAEAAD}.AppStore|iPhone.Build.0 = Debug|Any CPU
	EndGlobalSection
EndGlobal
